// !$*UTF8*$!
{
	archiveVersion = 1;
	classes = {
	};
	objectVersion = 46;
	objects = {

/* Begin PBXBuildFile section */
		2A815EBC1B77D1A600D1AF96 /* AppDelegate.swift in Sources */ = {isa = PBXBuildFile; fileRef = 2A815EBB1B77D1A600D1AF96 /* AppDelegate.swift */; };
		2A815EBE1B77D1A600D1AF96 /* ViewController.swift in Sources */ = {isa = PBXBuildFile; fileRef = 2A815EBD1B77D1A600D1AF96 /* ViewController.swift */; };
		2A815EC11B77D1A600D1AF96 /* Main.storyboard in Resources */ = {isa = PBXBuildFile; fileRef = 2A815EBF1B77D1A600D1AF96 /* Main.storyboard */; };
		2A815EC31B77D1A600D1AF96 /* Images.xcassets in Resources */ = {isa = PBXBuildFile; fileRef = 2A815EC21B77D1A600D1AF96 /* Images.xcassets */; };
		2A815EC61B77D1A600D1AF96 /* LaunchScreen.xib in Resources */ = {isa = PBXBuildFile; fileRef = 2A815EC41B77D1A600D1AF96 /* LaunchScreen.xib */; };
		2A815ED21B77D1A600D1AF96 /* ParseLoginTests.swift in Sources */ = {isa = PBXBuildFile; fileRef = 2A815ED11B77D1A600D1AF96 /* ParseLoginTests.swift */; };
/* End PBXBuildFile section */

/* Begin PBXContainerItemProxy section */
		2A815ECC1B77D1A600D1AF96 /* PBXContainerItemProxy */ = {
			isa = PBXContainerItemProxy;
			containerPortal = 2A815EAE1B77D1A600D1AF96 /* Project object */;
			proxyType = 1;
			remoteGlobalIDString = 2A815EB51B77D1A600D1AF96;
			remoteInfo = ParseLogin;
		};
/* End PBXContainerItemProxy section */

/* Begin PBXFileReference section */
		2A815EB61B77D1A600D1AF96 /* ParseLogin.app */ = {isa = PBXFileReference; explicitFileType = wrapper.application; includeInIndex = 0; path = ParseLogin.app; sourceTree = BUILT_PRODUCTS_DIR; };
		2A815EBA1B77D1A600D1AF96 /* Info.plist */ = {isa = PBXFileReference; lastKnownFileType = text.plist.xml; path = Info.plist; sourceTree = "<group>"; };
		2A815EBB1B77D1A600D1AF96 /* AppDelegate.swift */ = {isa = PBXFileReference; lastKnownFileType = sourcecode.swift; path = AppDelegate.swift; sourceTree = "<group>"; };
		2A815EBD1B77D1A600D1AF96 /* ViewController.swift */ = {isa = PBXFileReference; lastKnownFileType = sourcecode.swift; path = ViewController.swift; sourceTree = "<group>"; };
		2A815EC01B77D1A600D1AF96 /* Base */ = {isa = PBXFileReference; lastKnownFileType = file.storyboard; name = Base; path = Base.lproj/Main.storyboard; sourceTree = "<group>"; };
		2A815EC21B77D1A600D1AF96 /* Images.xcassets */ = {isa = PBXFileReference; lastKnownFileType = folder.assetcatalog; path = Images.xcassets; sourceTree = "<group>"; };
		2A815EC51B77D1A600D1AF96 /* Base */ = {isa = PBXFileReference; lastKnownFileType = file.xib; name = Base; path = Base.lproj/LaunchScreen.xib; sourceTree = "<group>"; };
		2A815ECB1B77D1A600D1AF96 /* ParseLoginTests.xctest */ = {isa = PBXFileReference; explicitFileType = wrapper.cfbundle; includeInIndex = 0; path = ParseLoginTests.xctest; sourceTree = BUILT_PRODUCTS_DIR; };
		2A815ED01B77D1A600D1AF96 /* Info.plist */ = {isa = PBXFileReference; lastKnownFileType = text.plist.xml; path = Info.plist; sourceTree = "<group>"; };
		2A815ED11B77D1A600D1AF96 /* ParseLoginTests.swift */ = {isa = PBXFileReference; lastKnownFileType = sourcecode.swift; path = ParseLoginTests.swift; sourceTree = "<group>"; };
/* End PBXFileReference section */

/* Begin PBXFrameworksBuildPhase section */
		2A815EB31B77D1A600D1AF96 /* Frameworks */ = {
			isa = PBXFrameworksBuildPhase;
			buildActionMask = 2147483647;
			files = (
			);
			runOnlyForDeploymentPostprocessing = 0;
		};
		2A815EC81B77D1A600D1AF96 /* Frameworks */ = {
			isa = PBXFrameworksBuildPhase;
			buildActionMask = 2147483647;
			files = (
			);
			runOnlyForDeploymentPostprocessing = 0;
		};
/* End PBXFrameworksBuildPhase section */

/* Begin PBXGroup section */
		2A815EAD1B77D1A600D1AF96 = {
			isa = PBXGroup;
			children = (
				2A815EB81B77D1A600D1AF96 /* ParseLogin */,
				2A815ECE1B77D1A600D1AF96 /* ParseLoginTests */,
				2A815EB71B77D1A600D1AF96 /* Products */,
			);
			sourceTree = "<group>";
		};
		2A815EB71B77D1A600D1AF96 /* Products */ = {
			isa = PBXGroup;
			children = (
				2A815EB61B77D1A600D1AF96 /* ParseLogin.app */,
				2A815ECB1B77D1A600D1AF96 /* ParseLoginTests.xctest */,
			);
			name = Products;
			sourceTree = "<group>";
		};
		2A815EB81B77D1A600D1AF96 /* ParseLogin */ = {
			isa = PBXGroup;
			children = (
				2A815EBB1B77D1A600D1AF96 /* AppDelegate.swift */,
				2A815EBD1B77D1A600D1AF96 /* ViewController.swift */,
				2A815EBF1B77D1A600D1AF96 /* Main.storyboard */,
				2A815EC21B77D1A600D1AF96 /* Images.xcassets */,
				2A815EC41B77D1A600D1AF96 /* LaunchScreen.xib */,
				2A815EB91B77D1A600D1AF96 /* Supporting Files */,
			);
			path = ParseLogin;
			sourceTree = "<group>";
		};
		2A815EB91B77D1A600D1AF96 /* Supporting Files */ = {
			isa = PBXGroup;
			children = (
				2A815EBA1B77D1A600D1AF96 /* Info.plist */,
			);
			name = "Supporting Files";
			sourceTree = "<group>";
		};
		2A815ECE1B77D1A600D1AF96 /* ParseLoginTests */ = {
			isa = PBXGroup;
			children = (
				2A815ED11B77D1A600D1AF96 /* ParseLoginTests.swift */,
				2A815ECF1B77D1A600D1AF96 /* Supporting Files */,
			);
			path = ParseLoginTests;
			sourceTree = "<group>";
		};
		2A815ECF1B77D1A600D1AF96 /* Supporting Files */ = {
			isa = PBXGroup;
			children = (
				2A815ED01B77D1A600D1AF96 /* Info.plist */,
			);
			name = "Supporting Files";
			sourceTree = "<group>";
		};
/* End PBXGroup section */

/* Begin PBXNativeTarget section */
		2A815EB51B77D1A600D1AF96 /* ParseLogin */ = {
			isa = PBXNativeTarget;
			buildConfigurationList = 2A815ED51B77D1A600D1AF96 /* Build configuration list for PBXNativeTarget "ParseLogin" */;
			buildPhases = (
				2A815EB21B77D1A600D1AF96 /* Sources */,
				2A815EB31B77D1A600D1AF96 /* Frameworks */,
				2A815EB41B77D1A600D1AF96 /* Resources */,
			);
			buildRules = (
			);
			dependencies = (
			);
			name = ParseLogin;
			productName = ParseLogin;
			productReference = 2A815EB61B77D1A600D1AF96 /* ParseLogin.app */;
			productType = "com.apple.product-type.application";
		};
		2A815ECA1B77D1A600D1AF96 /* ParseLoginTests */ = {
			isa = PBXNativeTarget;
			buildConfigurationList = 2A815ED81B77D1A600D1AF96 /* Build configuration list for PBXNativeTarget "ParseLoginTests" */;
			buildPhases = (
				2A815EC71B77D1A600D1AF96 /* Sources */,
				2A815EC81B77D1A600D1AF96 /* Frameworks */,
				2A815EC91B77D1A600D1AF96 /* Resources */,
			);
			buildRules = (
			);
			dependencies = (
				2A815ECD1B77D1A600D1AF96 /* PBXTargetDependency */,
			);
			name = ParseLoginTests;
			productName = ParseLoginTests;
			productReference = 2A815ECB1B77D1A600D1AF96 /* ParseLoginTests.xctest */;
			productType = "com.apple.product-type.bundle.unit-test";
		};
/* End PBXNativeTarget section */

/* Begin PBXProject section */
		2A815EAE1B77D1A600D1AF96 /* Project object */ = {
			isa = PBXProject;
			attributes = {
				LastUpgradeCheck = 0640;
				ORGANIZATIONNAME = "Nolan McQueen";
				TargetAttributes = {
					2A815EB51B77D1A600D1AF96 = {
						CreatedOnToolsVersion = 6.4;
					};
					2A815ECA1B77D1A600D1AF96 = {
						CreatedOnToolsVersion = 6.4;
						TestTargetID = 2A815EB51B77D1A600D1AF96;
					};
				};
			};
			buildConfigurationList = 2A815EB11B77D1A600D1AF96 /* Build configuration list for PBXProject "ParseLogin" */;
			compatibilityVersion = "Xcode 3.2";
			developmentRegion = English;
			hasScannedForEncodings = 0;
			knownRegions = (
				en,
				Base,
			);
			mainGroup = 2A815EAD1B77D1A600D1AF96;
			productRefGroup = 2A815EB71B77D1A600D1AF96 /* Products */;
			projectDirPath = "";
			projectRoot = "";
			targets = (
				2A815EB51B77D1A600D1AF96 /* ParseLogin */,
				2A815ECA1B77D1A600D1AF96 /* ParseLoginTests */,
			);
		};
/* End PBXProject section */

/* Begin PBXResourcesBuildPhase section */
		2A815EB41B77D1A600D1AF96 /* Resources */ = {
			isa = PBXResourcesBuildPhase;
			buildActionMask = 2147483647;
			files = (
				2A815EC11B77D1A600D1AF96 /* Main.storyboard in Resources */,
				2A815EC61B77D1A600D1AF96 /* LaunchScreen.xib in Resources */,
				2A815EC31B77D1A600D1AF96 /* Images.xcassets in Resources */,
			);
			runOnlyForDeploymentPostprocessing = 0;
		};
		2A815EC91B77D1A600D1AF96 /* Resources */ = {
			isa = PBXResourcesBuildPhase;
			buildActionMask = 2147483647;
			files = (
			);
			runOnlyForDeploymentPostprocessing = 0;
		};
/* End PBXResourcesBuildPhase section */

/* Begin PBXSourcesBuildPhase section */
		2A815EB21B77D1A600D1AF96 /* Sources */ = {
			isa = PBXSourcesBuildPhase;
			buildActionMask = 2147483647;
			files = (
				2A815EBE1B77D1A600D1AF96 /* ViewController.swift in Sources */,
				2A815EBC1B77D1A600D1AF96 /* AppDelegate.swift in Sources */,
			);
			runOnlyForDeploymentPostprocessing = 0;
		};
		2A815EC71B77D1A600D1AF96 /* Sources */ = {
			isa = PBXSourcesBuildPhase;
			buildActionMask = 2147483647;
			files = (
				2A815ED21B77D1A600D1AF96 /* ParseLoginTests.swift in Sources */,
			);
			runOnlyForDeploymentPostprocessing = 0;
		};
/* End PBXSourcesBuildPhase section */

/* Begin PBXTargetDependency section */
		2A815ECD1B77D1A600D1AF96 /* PBXTargetDependency */ = {
			isa = PBXTargetDependency;
			target = 2A815EB51B77D1A600D1AF96 /* ParseLogin */;
			targetProxy = 2A815ECC1B77D1A600D1AF96 /* PBXContainerItemProxy */;
		};
/* End PBXTargetDependency section */

/* Begin PBXVariantGroup section */
		2A815EBF1B77D1A600D1AF96 /* Main.storyboard */ = {
			isa = PBXVariantGroup;
			children = (
				2A815EC01B77D1A600D1AF96 /* Base */,
			);
			name = Main.storyboard;
			sourceTree = "<group>";
		};
		2A815EC41B77D1A600D1AF96 /* LaunchScreen.xib */ = {
			isa = PBXVariantGroup;
			children = (
				2A815EC51B77D1A600D1AF96 /* Base */,
			);
			name = LaunchScreen.xib;
			sourceTree = "<group>";
		};
/* End PBXVariantGroup section */

/* Begin XCBuildConfiguration section */
		2A815ED31B77D1A600D1AF96 /* Debug */ = {
			isa = XCBuildConfiguration;
			buildSettings = {
				ALWAYS_SEARCH_USER_PATHS = NO;
				CLANG_CXX_LANGUAGE_STANDARD = "gnu++0x";
				CLANG_CXX_LIBRARY = "libc++";
				CLANG_ENABLE_MODULES = YES;
				CLANG_ENABLE_OBJC_ARC = YES;
				CLANG_WARN_BOOL_CONVERSION = YES;
				CLANG_WARN_CONSTANT_CONVERSION = YES;
				CLANG_WARN_DIRECT_OBJC_ISA_USAGE = YES_ERROR;
				CLANG_WARN_EMPTY_BODY = YES;
				CLANG_WARN_ENUM_CONVERSION = YES;
				CLANG_WARN_INT_CONVERSION = YES;
				CLANG_WARN_OBJC_ROOT_CLASS = YES_ERROR;
				CLANG_WARN_UNREACHABLE_CODE = YES;
				CLANG_WARN__DUPLICATE_METHOD_MATCH = YES;
				"CODE_SIGN_IDENTITY[sdk=iphoneos*]" = "iPhone Developer";
				COPY_PHASE_STRIP = NO;
				DEBUG_INFORMATION_FORMAT = "dwarf-with-dsym";
				ENABLE_STRICT_OBJC_MSGSEND = YES;
				GCC_C_LANGUAGE_STANDARD = gnu99;
				GCC_DYNAMIC_NO_PIC = NO;
				GCC_NO_COMMON_BLOCKS = YES;
				GCC_OPTIMIZATION_LEVEL = 0;
				GCC_PREPROCESSOR_DEFINITIONS = (
					"DEBUG=1",
					"$(inherited)",
				);
				GCC_SYMBOLS_PRIVATE_EXTERN = NO;
				GCC_WARN_64_TO_32_BIT_CONVERSION = YES;
				GCC_WARN_ABOUT_RETURN_TYPE = YES_ERROR;
				GCC_WARN_UNDECLARED_SELECTOR = YES;
				GCC_WARN_UNINITIALIZED_AUTOS = YES_AGGRESSIVE;
				GCC_WARN_UNUSED_FUNCTION = YES;
				GCC_WARN_UNUSED_VARIABLE = YES;
				IPHONEOS_DEPLOYMENT_TARGET = 8.4;
				MTL_ENABLE_DEBUG_INFO = YES;
				ONLY_ACTIVE_ARCH = YES;
				SDKROOT = iphoneos;
				SWIFT_OPTIMIZATION_LEVEL = "-Onone";
				TARGETED_DEVICE_FAMILY = "1,2";
			};
			name = Debug;
		};
		2A815ED41B77D1A600D1AF96 /* Release */ = {
			isa = XCBuildConfiguration;
			buildSettings = {
				ALWAYS_SEARCH_USER_PATHS = NO;
				CLANG_CXX_LANGUAGE_STANDARD = "gnu++0x";
				CLANG_CXX_LIBRARY = "libc++";
				CLANG_ENABLE_MODULES = YES;
				CLANG_ENABLE_OBJC_ARC = YES;
				CLANG_WARN_BOOL_CONVERSION = YES;
				CLANG_WARN_CONSTANT_CONVERSION = YES;
				CLANG_WARN_DIRECT_OBJC_ISA_USAGE = YES_ERROR;
				CLANG_WARN_EMPTY_BODY = YES;
				CLANG_WARN_ENUM_CONVERSION = YES;
				CLANG_WARN_INT_CONVERSION = YES;
				CLANG_WARN_OBJC_ROOT_CLASS = YES_ERROR;
				CLANG_WARN_UNREACHABLE_CODE = YES;
				CLANG_WARN__DUPLICATE_METHOD_MATCH = YES;
				"CODE_SIGN_IDENTITY[sdk=iphoneos*]" = "iPhone Developer";
				COPY_PHASE_STRIP = NO;
				DEBUG_INFORMATION_FORMAT = "dwarf-with-dsym";
				ENABLE_NS_ASSERTIONS = NO;
				ENABLE_STRICT_OBJC_MSGSEND = YES;
				GCC_C_LANGUAGE_STANDARD = gnu99;
				GCC_NO_COMMON_BLOCKS = YES;
				GCC_WARN_64_TO_32_BIT_CONVERSION = YES;
				GCC_WARN_ABOUT_RETURN_TYPE = YES_ERROR;
				GCC_WARN_UNDECLARED_SELECTOR = YES;
				GCC_WARN_UNINITIALIZED_AUTOS = YES_AGGRESSIVE;
				GCC_WARN_UNUSED_FUNCTION = YES;
				GCC_WARN_UNUSED_VARIABLE = YES;
				IPHONEOS_DEPLOYMENT_TARGET = 8.4;
				MTL_ENABLE_DEBUG_INFO = NO;
				SDKROOT = iphoneos;
				TARGETED_DEVICE_FAMILY = "1,2";
				VALIDATE_PRODUCT = YES;
			};
			name = Release;
		};
		2A815ED61B77D1A600D1AF96 /* Debug */ = {
			isa = XCBuildConfiguration;
			buildSettings = {
				ASSETCATALOG_COMPILER_APPICON_NAME = AppIcon;
				INFOPLIST_FILE = ParseLogin/Info.plist;
				LD_RUNPATH_SEARCH_PATHS = "$(inherited) @executable_path/Frameworks";
				PRODUCT_NAME = "$(TARGET_NAME)";
			};
			name = Debug;
		};
		2A815ED71B77D1A600D1AF96 /* Release */ = {
			isa = XCBuildConfiguration;
			buildSettings = {
				ASSETCATALOG_COMPILER_APPICON_NAME = AppIcon;
				INFOPLIST_FILE = ParseLogin/Info.plist;
				LD_RUNPATH_SEARCH_PATHS = "$(inherited) @executable_path/Frameworks";
				PRODUCT_NAME = "$(TARGET_NAME)";
			};
			name = Release;
		};
		2A815ED91B77D1A600D1AF96 /* Debug */ = {
			isa = XCBuildConfiguration;
			buildSettings = {
				BUNDLE_LOADER = "$(TEST_HOST)";
				FRAMEWORK_SEARCH_PATHS = (
					"$(SDKROOT)/Developer/Library/Frameworks",
					"$(inherited)",
				);
				GCC_PREPROCESSOR_DEFINITIONS = (
					"DEBUG=1",
					"$(inherited)",
				);
				INFOPLIST_FILE = ParseLoginTests/Info.plist;
				LD_RUNPATH_SEARCH_PATHS = "$(inherited) @executable_path/Frameworks @loader_path/Frameworks";
				PRODUCT_NAME = "$(TARGET_NAME)";
				TEST_HOST = "$(BUILT_PRODUCTS_DIR)/ParseLogin.app/ParseLogin";
			};
			name = Debug;
		};
		2A815EDA1B77D1A600D1AF96 /* Release */ = {
			isa = XCBuildConfiguration;
			buildSettings = {
				BUNDLE_LOADER = "$(TEST_HOST)";
				FRAMEWORK_SEARCH_PATHS = (
					"$(SDKROOT)/Developer/Library/Frameworks",
					"$(inherited)",
				);
				INFOPLIST_FILE = ParseLoginTests/Info.plist;
				LD_RUNPATH_SEARCH_PATHS = "$(inherited) @executable_path/Frameworks @loader_path/Frameworks";
				PRODUCT_NAME = "$(TARGET_NAME)";
				TEST_HOST = "$(BUILT_PRODUCTS_DIR)/ParseLogin.app/ParseLogin";
			};
			name = Release;
		};
/* End XCBuildConfiguration section */

/* Begin XCConfigurationList section */
		2A815EB11B77D1A600D1AF96 /* Build configuration list for PBXProject "ParseLogin" */ = {
			isa = XCConfigurationList;
			buildConfigurations = (
				2A815ED31B77D1A600D1AF96 /* Debug */,
				2A815ED41B77D1A600D1AF96 /* Release */,
			);
			defaultConfigurationIsVisible = 0;
			defaultConfigurationName = Release;
		};
		2A815ED51B77D1A600D1AF96 /* Build configuration list for PBXNativeTarget "ParseLogin" */ = {
			isa = XCConfigurationList;
			buildConfigurations = (
				2A815ED61B77D1A600D1AF96 /* Debug */,
				2A815ED71B77D1A600D1AF96 /* Release */,
			);
			defaultConfigurationIsVisible = 0;
		};
		2A815ED81B77D1A600D1AF96 /* Build configuration list for PBXNativeTarget "ParseLoginTests" */ = {
			isa = XCConfigurationList;
			buildConfigurations = (
				2A815ED91B77D1A600D1AF96 /* Debug */,
				2A815EDA1B77D1A600D1AF96 /* Release */,
			);
			defaultConfigurationIsVisible = 0;
		};
/* End XCConfigurationList section */
	};
	rootObject = 2A815EAE1B77D1A600D1AF96 /* Project object */;
}
